
Microsoft Visual Studio Solution File, Format Version 12.00
# Visual Studio Version 17
VisualStudioVersion = 17.1.32319.34
MinimumVisualStudioVersion = 10.0.40219.1
Project("{FAE04EC0-301F-11D3-BF4B-00C04F79EFBC}") = "ReCapCheckerBoard", "ReCapDamaTahtasi\ReCapCheckerBoard.csproj", "{91425158-58E0-48B2-A4B2-5BB204E15403}"
EndProject
Global
	GlobalSection(SolutionConfigurationPlatforms) = preSolution
		Debug|Any CPU = Debug|Any CPU
		Release|Any CPU = Release|Any CPU
	EndGlobalSection
	GlobalSection(ProjectConfigurationPlatforms) = postSolution
		{91425158-58E0-48B2-A4B2-5BB204E15403}.Debug|Any CPU.ActiveCfg = Debug|Any CPU
		{91425158-58E0-48B2-A4B2-5BB204E15403}.Debug|Any CPU.Build.0 = Debug|Any CPU
		{91425158-58E0-48B2-A4B2-5BB204E15403}.Release|Any CPU.ActiveCfg = Release|Any CPU
		{91425158-58E0-48B2-A4B2-5BB204E15403}.Release|Any CPU.Build.0 = Release|Any CPU
	EndGlobalSection
	GlobalSection(SolutionProperties) = preSolution
		HideSolutionNode = FALSE
	EndGlobalSection
	GlobalSection(ExtensibilityGlobals) = postSolution
		SolutionGuid = {9BFB0D05-03C8-467B-80B5-855118CE0E1E}
	EndGlobalSection
EndGlobal
